
Microsoft Visual Studio Solution File, Format Version 12.00
# Visual Studio Version 16
VisualStudioVersion = 16.0.30804.86
MinimumVisualStudioVersion = 10.0.40219.1
Project("{9A19103F-16F7-4668-BE54-9A1E7A4F7556}") = "WaterWorldRL", "WaterWorldRL.csproj", "{3EE82E62-D0C4-484D-813F-2B92BC567D65}"
EndProject
Project("{FAE04EC0-301F-11D3-BF4B-00C04F79EFBC}") = "MapGeneration", "..\MapGeneration\MapGeneration.csproj", "{8EDB8ACB-8897-4EFB-A5B1-5887FB0A9836}"
EndProject
Project("{FAE04EC0-301F-11D3-BF4B-00C04F79EFBC}") = "Tests", "..\Tests\Tests.csproj", "{A08D43D8-C5E3-492B-9BCD-F3F041DC10F5}"
EndProject
Global
	GlobalSection(SolutionConfigurationPlatforms) = preSolution
		Debug|Any CPU = Debug|Any CPU
		Release|Any CPU = Release|Any CPU
	EndGlobalSection
	GlobalSection(ProjectConfigurationPlatforms) = postSolution
		{3EE82E62-D0C4-484D-813F-2B92BC567D65}.Debug|Any CPU.ActiveCfg = Debug|Any CPU
		{3EE82E62-D0C4-484D-813F-2B92BC567D65}.Debug|Any CPU.Build.0 = Debug|Any CPU
		{3EE82E62-D0C4-484D-813F-2B92BC567D65}.Release|Any CPU.ActiveCfg = Release|Any CPU
		{3EE82E62-D0C4-484D-813F-2B92BC567D65}.Release|Any CPU.Build.0 = Release|Any CPU
		{8EDB8ACB-8897-4EFB-A5B1-5887FB0A9836}.Debug|Any CPU.ActiveCfg = Debug|Any CPU
		{8EDB8ACB-8897-4EFB-A5B1-5887FB0A9836}.Debug|Any CPU.Build.0 = Debug|Any CPU
		{8EDB8ACB-8897-4EFB-A5B1-5887FB0A9836}.Release|Any CPU.ActiveCfg = Release|Any CPU
		{8EDB8ACB-8897-4EFB-A5B1-5887FB0A9836}.Release|Any CPU.Build.0 = Release|Any CPU
		{A08D43D8-C5E3-492B-9BCD-F3F041DC10F5}.Debug|Any CPU.ActiveCfg = Debug|Any CPU
		{A08D43D8-C5E3-492B-9BCD-F3F041DC10F5}.Debug|Any CPU.Build.0 = Debug|Any CPU
		{A08D43D8-C5E3-492B-9BCD-F3F041DC10F5}.Release|Any CPU.ActiveCfg = Release|Any CPU
		{A08D43D8-C5E3-492B-9BCD-F3F041DC10F5}.Release|Any CPU.Build.0 = Release|Any CPU
	EndGlobalSection
	GlobalSection(SolutionProperties) = preSolution
		HideSolutionNode = FALSE
	EndGlobalSection
	GlobalSection(ExtensibilityGlobals) = postSolution
		SolutionGuid = {073BFDB2-509F-4D3A-92A1-39FC338874D4}
	EndGlobalSection
EndGlobal
